
Microsoft Visual Studio Solution File, Format Version 12.00
# Visual Studio Version 16
VisualStudioVersion = 16.0.31424.327
MinimumVisualStudioVersion = 10.0.40219.1
Project("{2150E333-8FDC-42A3-9474-1A3956D46DE8}") = "src", "src", "{12CA845A-E34B-4944-B20A-745A89F7B303}"
EndProject
Project("{2150E333-8FDC-42A3-9474-1A3956D46DE8}") = "api", "api", "{266A0ED0-BF33-474B-9BB7-88220ADC73B8}"
EndProject
Project("{2150E333-8FDC-42A3-9474-1A3956D46DE8}") = "core", "core", "{00764679-6605-4FC0-8691-AD39E4423BC3}"
EndProject
Project("{2150E333-8FDC-42A3-9474-1A3956D46DE8}") = "dal", "dal", "{EAC16DB4-8151-416C-AA18-A0B1BB17772D}"
EndProject
Project("{2150E333-8FDC-42A3-9474-1A3956D46DE8}") = "models", "models", "{821A0B91-57BD-464B-B5FD-100758E7E8C8}"
EndProject
Project("{2150E333-8FDC-42A3-9474-1A3956D46DE8}") = "test", "test", "{975D03E9-DC54-4DE8-B5CC-9B013665ECD6}"
EndProject
Project("{2150E333-8FDC-42A3-9474-1A3956D46DE8}") = "core", "core", "{01935705-9EF2-4DF0-86D7-62DF07E2FD33}"
EndProject
Project("{2150E333-8FDC-42A3-9474-1A3956D46DE8}") = "api", "api", "{55278DA0-645F-4B7D-AE9F-8A5A7CFE6AD2}"
EndProject
Project("{9A19103F-16F7-4668-BE54-9A1E7A4F7556}") = "AlexSoft.AlexUp.Projects", "src\api\AlexSoft.AlexUp.Projects\AlexSoft.AlexUp.Projects.csproj", "{4A24529F-6BDA-4F9B-B629-BD3913A74957}"
EndProject
Project("{9A19103F-16F7-4668-BE54-9A1E7A4F7556}") = "AlexSoft.AlexUp.Core", "src\core\AlexSoft.AlexUp.Core\AlexSoft.AlexUp.Core.csproj", "{8962181C-B395-4EA9-B33B-6E51F7C72C95}"
EndProject
Project("{9A19103F-16F7-4668-BE54-9A1E7A4F7556}") = "AlexSoft.AlexUp.CoreInterfaces", "src\core\AlexSoft.AlexUp.CoreInterfaces\AlexSoft.AlexUp.CoreInterfaces.csproj", "{9F17F851-4896-4667-9B89-0F6097961C9C}"
EndProject
Project("{9A19103F-16F7-4668-BE54-9A1E7A4F7556}") = "AlexSoft.AlexUp.DAL", "src\dal\AlexSoft.AlexUp.DAL\AlexSoft.AlexUp.DAL.csproj", "{05F3979C-81AF-43BD-B803-A98C5FB05E7B}"
EndProject
Project("{9A19103F-16F7-4668-BE54-9A1E7A4F7556}") = "AlexSoft.AlexUp.DALInterfaces", "src\dal\AlexSoft.AlexUp.DALInterfaces\AlexSoft.AlexUp.DALInterfaces.csproj", "{1B108F86-91B4-4627-B5C3-F6B723F3C578}"
EndProject
Project("{9A19103F-16F7-4668-BE54-9A1E7A4F7556}") = "AlexSoft.AlexUp.Models", "src\models\AlexSoft.AlexUp.Models\AlexSoft.AlexUp.Models.csproj", "{2565FDA4-D9C6-40B9-ABB4-027A07A5280B}"
EndProject
Global
	GlobalSection(SolutionConfigurationPlatforms) = preSolution
		Debug|Any CPU = Debug|Any CPU
		Release|Any CPU = Release|Any CPU
	EndGlobalSection
	GlobalSection(ProjectConfigurationPlatforms) = postSolution
		{4A24529F-6BDA-4F9B-B629-BD3913A74957}.Debug|Any CPU.ActiveCfg = Debug|Any CPU
		{4A24529F-6BDA-4F9B-B629-BD3913A74957}.Debug|Any CPU.Build.0 = Debug|Any CPU
		{4A24529F-6BDA-4F9B-B629-BD3913A74957}.Release|Any CPU.ActiveCfg = Release|Any CPU
		{4A24529F-6BDA-4F9B-B629-BD3913A74957}.Release|Any CPU.Build.0 = Release|Any CPU
		{8962181C-B395-4EA9-B33B-6E51F7C72C95}.Debug|Any CPU.ActiveCfg = Debug|Any CPU
		{8962181C-B395-4EA9-B33B-6E51F7C72C95}.Debug|Any CPU.Build.0 = Debug|Any CPU
		{8962181C-B395-4EA9-B33B-6E51F7C72C95}.Release|Any CPU.ActiveCfg = Release|Any CPU
		{8962181C-B395-4EA9-B33B-6E51F7C72C95}.Release|Any CPU.Build.0 = Release|Any CPU
		{9F17F851-4896-4667-9B89-0F6097961C9C}.Debug|Any CPU.ActiveCfg = Debug|Any CPU
		{9F17F851-4896-4667-9B89-0F6097961C9C}.Debug|Any CPU.Build.0 = Debug|Any CPU
		{9F17F851-4896-4667-9B89-0F6097961C9C}.Release|Any CPU.ActiveCfg = Release|Any CPU
		{9F17F851-4896-4667-9B89-0F6097961C9C}.Release|Any CPU.Build.0 = Release|Any CPU
		{05F3979C-81AF-43BD-B803-A98C5FB05E7B}.Debug|Any CPU.ActiveCfg = Debug|Any CPU
		{05F3979C-81AF-43BD-B803-A98C5FB05E7B}.Debug|Any CPU.Build.0 = Debug|Any CPU
		{05F3979C-81AF-43BD-B803-A98C5FB05E7B}.Release|Any CPU.ActiveCfg = Release|Any CPU
		{05F3979C-81AF-43BD-B803-A98C5FB05E7B}.Release|Any CPU.Build.0 = Release|Any CPU
		{1B108F86-91B4-4627-B5C3-F6B723F3C578}.Debug|Any CPU.ActiveCfg = Debug|Any CPU
		{1B108F86-91B4-4627-B5C3-F6B723F3C578}.Debug|Any CPU.Build.0 = Debug|Any CPU
		{1B108F86-91B4-4627-B5C3-F6B723F3C578}.Release|Any CPU.ActiveCfg = Release|Any CPU
		{1B108F86-91B4-4627-B5C3-F6B723F3C578}.Release|Any CPU.Build.0 = Release|Any CPU
		{2565FDA4-D9C6-40B9-ABB4-027A07A5280B}.Debug|Any CPU.ActiveCfg = Debug|Any CPU
		{2565FDA4-D9C6-40B9-ABB4-027A07A5280B}.Debug|Any CPU.Build.0 = Debug|Any CPU
		{2565FDA4-D9C6-40B9-ABB4-027A07A5280B}.Release|Any CPU.ActiveCfg = Release|Any CPU
		{2565FDA4-D9C6-40B9-ABB4-027A07A5280B}.Release|Any CPU.Build.0 = Release|Any CPU
	EndGlobalSection
	GlobalSection(SolutionProperties) = preSolution
		HideSolutionNode = FALSE
	EndGlobalSection
	GlobalSection(NestedProjects) = preSolution
		{266A0ED0-BF33-474B-9BB7-88220ADC73B8} = {12CA845A-E34B-4944-B20A-745A89F7B303}
		{00764679-6605-4FC0-8691-AD39E4423BC3} = {12CA845A-E34B-4944-B20A-745A89F7B303}
		{EAC16DB4-8151-416C-AA18-A0B1BB17772D} = {12CA845A-E34B-4944-B20A-745A89F7B303}
		{821A0B91-57BD-464B-B5FD-100758E7E8C8} = {12CA845A-E34B-4944-B20A-745A89F7B303}
		{01935705-9EF2-4DF0-86D7-62DF07E2FD33} = {975D03E9-DC54-4DE8-B5CC-9B013665ECD6}
		{55278DA0-645F-4B7D-AE9F-8A5A7CFE6AD2} = {975D03E9-DC54-4DE8-B5CC-9B013665ECD6}
		{4A24529F-6BDA-4F9B-B629-BD3913A74957} = {266A0ED0-BF33-474B-9BB7-88220ADC73B8}
		{8962181C-B395-4EA9-B33B-6E51F7C72C95} = {00764679-6605-4FC0-8691-AD39E4423BC3}
		{9F17F851-4896-4667-9B89-0F6097961C9C} = {00764679-6605-4FC0-8691-AD39E4423BC3}
		{05F3979C-81AF-43BD-B803-A98C5FB05E7B} = {EAC16DB4-8151-416C-AA18-A0B1BB17772D}
		{1B108F86-91B4-4627-B5C3-F6B723F3C578} = {EAC16DB4-8151-416C-AA18-A0B1BB17772D}
		{2565FDA4-D9C6-40B9-ABB4-027A07A5280B} = {821A0B91-57BD-464B-B5FD-100758E7E8C8}
	EndGlobalSection
	GlobalSection(ExtensibilityGlobals) = postSolution
		SolutionGuid = {50652776-99F9-4C63-B83F-82C4015C48A9}
	EndGlobalSection
EndGlobal
